// !$*UTF8*$!
{
	archiveVersion = 1;
	classes = {
	};
	objectVersion = 50;
	objects = {

/* Begin PBXBuildFile section */
		540A5D6806490AF2FAB20B3E /* Pods_Bise.framework in Frameworks */ = {isa = PBXBuildFile; fileRef = E61C8A34CD241B1A788305F7 /* Pods_Bise.framework */; };
		C0190BC125F6D92A0075AA3E /* DatabaseManager.swift in Sources */ = {isa = PBXBuildFile; fileRef = C0190BC025F6D92A0075AA3E /* DatabaseManager.swift */; };
		C02A6E6D25F3A2F4000C55DB /* AppDelegate.swift in Sources */ = {isa = PBXBuildFile; fileRef = C02A6E6C25F3A2F4000C55DB /* AppDelegate.swift */; };
		C02A6E6F25F3A2F4000C55DB /* SceneDelegate.swift in Sources */ = {isa = PBXBuildFile; fileRef = C02A6E6E25F3A2F4000C55DB /* SceneDelegate.swift */; };
		C02A6E7125F3A2F4000C55DB /* ConversationsViewController.swift in Sources */ = {isa = PBXBuildFile; fileRef = C02A6E7025F3A2F4000C55DB /* ConversationsViewController.swift */; };
		C02A6E7425F3A2F4000C55DB /* Main.storyboard in Resources */ = {isa = PBXBuildFile; fileRef = C02A6E7225F3A2F4000C55DB /* Main.storyboard */; };
		C02A6E7625F3A2F4000C55DB /* Assets.xcassets in Resources */ = {isa = PBXBuildFile; fileRef = C02A6E7525F3A2F4000C55DB /* Assets.xcassets */; };
		C02A6E7925F3A2F4000C55DB /* LaunchScreen.storyboard in Resources */ = {isa = PBXBuildFile; fileRef = C02A6E7725F3A2F4000C55DB /* LaunchScreen.storyboard */; };
		C02A6E8925F3A6AC000C55DB /* LoginViewController.swift in Sources */ = {isa = PBXBuildFile; fileRef = C02A6E8825F3A6AC000C55DB /* LoginViewController.swift */; };
		C02A6E8D25F3A6BD000C55DB /* RegisterViewController.swift in Sources */ = {isa = PBXBuildFile; fileRef = C02A6E8C25F3A6BD000C55DB /* RegisterViewController.swift */; };
		C02A6E9825F3A76B000C55DB /* NewConversationViewController.swift in Sources */ = {isa = PBXBuildFile; fileRef = C02A6E9725F3A76B000C55DB /* NewConversationViewController.swift */; };
		C02A6E9B25F3A785000C55DB /* ProfileViewController.swift in Sources */ = {isa = PBXBuildFile; fileRef = C02A6E9A25F3A785000C55DB /* ProfileViewController.swift */; };
		C02A6EA025F3B53E000C55DB /* Extensions.swift in Sources */ = {isa = PBXBuildFile; fileRef = C02A6E9F25F3B53E000C55DB /* Extensions.swift */; };
		C02DEF78261E2D2100A03F22 /* ConversationTableViewCell.swift in Sources */ = {isa = PBXBuildFile; fileRef = C02DEF77261E2D2100A03F22 /* ConversationTableViewCell.swift */; };
		C04A810E260B949700AA1D85 /* ChatViewController.swift in Sources */ = {isa = PBXBuildFile; fileRef = C04A810D260B949700AA1D85 /* ChatViewController.swift */; };
		C05DBEDA264A7D0200DCFCE2 /* LocationPickerViewController.swift in Sources */ = {isa = PBXBuildFile; fileRef = C05DBED9264A7D0200DCFCE2 /* LocationPickerViewController.swift */; };
		C05DBEDD264A7D5800DCFCE2 /* PhotoViewerViewController.swift in Sources */ = {isa = PBXBuildFile; fileRef = C05DBEDC264A7D5800DCFCE2 /* PhotoViewerViewController.swift */; };
		C0921F14266BFBFB009C85F0 /* Interface.storyboard in Resources */ = {isa = PBXBuildFile; fileRef = C0921F12266BFBFB009C85F0 /* Interface.storyboard */; };
		C0921F16266BFBFC009C85F0 /* Assets.xcassets in Resources */ = {isa = PBXBuildFile; fileRef = C0921F15266BFBFC009C85F0 /* Assets.xcassets */; };
		C0921F1D266BFBFC009C85F0 /* Bisewatch Extension.appex in Embed App Extensions */ = {isa = PBXBuildFile; fileRef = C0921F1C266BFBFC009C85F0 /* Bisewatch Extension.appex */; settings = {ATTRIBUTES = (RemoveHeadersOnCopy, ); }; };
		C0921F22266BFBFC009C85F0 /* InterfaceController.swift in Sources */ = {isa = PBXBuildFile; fileRef = C0921F21266BFBFC009C85F0 /* InterfaceController.swift */; };
		C0921F24266BFBFC009C85F0 /* ExtensionDelegate.swift in Sources */ = {isa = PBXBuildFile; fileRef = C0921F23266BFBFC009C85F0 /* ExtensionDelegate.swift */; };
		C0921F26266BFBFC009C85F0 /* NotificationController.swift in Sources */ = {isa = PBXBuildFile; fileRef = C0921F25266BFBFC009C85F0 /* NotificationController.swift */; };
		C0921F28266BFBFC009C85F0 /* ComplicationController.swift in Sources */ = {isa = PBXBuildFile; fileRef = C0921F27266BFBFC009C85F0 /* ComplicationController.swift */; };
		C0921F2A266BFBFD009C85F0 /* Assets.xcassets in Resources */ = {isa = PBXBuildFile; fileRef = C0921F29266BFBFD009C85F0 /* Assets.xcassets */; };
		C0921F2F266BFBFD009C85F0 /* Bisewatch.app in Embed Watch Content */ = {isa = PBXBuildFile; fileRef = C0921F10266BFBFB009C85F0 /* Bisewatch.app */; settings = {ATTRIBUTES = (RemoveHeadersOnCopy, ); }; };
		C098CFFA260D25F300C08939 /* StorageManager.swift in Sources */ = {isa = PBXBuildFile; fileRef = C098CFF9260D25F300C08939 /* StorageManager.swift */; };
		C09FC0FE2648559D00FBDE4B /* ConversationModels.swift in Sources */ = {isa = PBXBuildFile; fileRef = C09FC0FD2648559D00FBDE4B /* ConversationModels.swift */; };
		C09FC103264855F700FBDE4B /* ChatModels.swift in Sources */ = {isa = PBXBuildFile; fileRef = C09FC102264855F700FBDE4B /* ChatModels.swift */; };
		C09FC1062648564100FBDE4B /* SearchResults.swift in Sources */ = {isa = PBXBuildFile; fileRef = C09FC1052648564100FBDE4B /* SearchResults.swift */; };
		C09FC109264856AD00FBDE4B /* ProfileViewModel.swift in Sources */ = {isa = PBXBuildFile; fileRef = C09FC108264856AD00FBDE4B /* ProfileViewModel.swift */; };
		C0A1738D2647D23100FEC3B4 /* NewConversationCell.swift in Sources */ = {isa = PBXBuildFile; fileRef = C0A1738C2647D23100FEC3B4 /* NewConversationCell.swift */; };
		C0EB2C642614E59B00B0B031 /* CoreTelephony.framework in Frameworks */ = {isa = PBXBuildFile; fileRef = C0EB2C632614E59B00B0B031 /* CoreTelephony.framework */; };
		F9B385742649425A00A8D346 /* GoogleService-Info.plist in Resources */ = {isa = PBXBuildFile; fileRef = F9B385732649425900A8D346 /* GoogleService-Info.plist */; };
/* End PBXBuildFile section */

/* Begin PBXContainerItemProxy section */
		C0921F1E266BFBFC009C85F0 /* PBXContainerItemProxy */ = {
			isa = PBXContainerItemProxy;
			containerPortal = C02A6E6125F3A2F4000C55DB /* Project object */;
			proxyType = 1;
			remoteGlobalIDString = C0921F1B266BFBFC009C85F0;
			remoteInfo = "Bisewatch Extension";
		};
		C0921F2D266BFBFD009C85F0 /* PBXContainerItemProxy */ = {
			isa = PBXContainerItemProxy;
			containerPortal = C02A6E6125F3A2F4000C55DB /* Project object */;
			proxyType = 1;
			remoteGlobalIDString = C0921F0F266BFBFB009C85F0;
			remoteInfo = Bisewatch;
		};
/* End PBXContainerItemProxy section */

/* Begin PBXCopyFilesBuildPhase section */
		C0921F30266BFBFD009C85F0 /* Embed Watch Content */ = {
			isa = PBXCopyFilesBuildPhase;
			buildActionMask = 2147483647;
			dstPath = "$(CONTENTS_FOLDER_PATH)/Watch";
			dstSubfolderSpec = 16;
			files = (
				C0921F2F266BFBFD009C85F0 /* Bisewatch.app in Embed Watch Content */,
			);
			name = "Embed Watch Content";
			runOnlyForDeploymentPostprocessing = 0;
		};
		C0921F33266BFBFD009C85F0 /* Embed App Extensions */ = {
			isa = PBXCopyFilesBuildPhase;
			buildActionMask = 2147483647;
			dstPath = "";
			dstSubfolderSpec = 13;
			files = (
				C0921F1D266BFBFC009C85F0 /* Bisewatch Extension.appex in Embed App Extensions */,
			);
			name = "Embed App Extensions";
			runOnlyForDeploymentPostprocessing = 0;
		};
/* End PBXCopyFilesBuildPhase section */

/* Begin PBXFileReference section */
		17AFB2DB6F7DF8BCB4C9A1F4 /* Pods-Bise.release.xcconfig */ = {isa = PBXFileReference; includeInIndex = 1; lastKnownFileType = text.xcconfig; name = "Pods-Bise.release.xcconfig"; path = "Target Support Files/Pods-Bise/Pods-Bise.release.xcconfig"; sourceTree = "<group>"; };
		511503923B82C69D3BCCF3FE /* Pods-Bise.debug.xcconfig */ = {isa = PBXFileReference; includeInIndex = 1; lastKnownFileType = text.xcconfig; name = "Pods-Bise.debug.xcconfig"; path = "Target Support Files/Pods-Bise/Pods-Bise.debug.xcconfig"; sourceTree = "<group>"; };
		C0190BC025F6D92A0075AA3E /* DatabaseManager.swift */ = {isa = PBXFileReference; lastKnownFileType = sourcecode.swift; path = DatabaseManager.swift; sourceTree = "<group>"; };
		C02A6E6925F3A2F4000C55DB /* Bise.app */ = {isa = PBXFileReference; explicitFileType = wrapper.application; includeInIndex = 0; path = Bise.app; sourceTree = BUILT_PRODUCTS_DIR; };
		C02A6E6C25F3A2F4000C55DB /* AppDelegate.swift */ = {isa = PBXFileReference; lastKnownFileType = sourcecode.swift; path = AppDelegate.swift; sourceTree = "<group>"; };
		C02A6E6E25F3A2F4000C55DB /* SceneDelegate.swift */ = {isa = PBXFileReference; lastKnownFileType = sourcecode.swift; path = SceneDelegate.swift; sourceTree = "<group>"; };
		C02A6E7025F3A2F4000C55DB /* ConversationsViewController.swift */ = {isa = PBXFileReference; lastKnownFileType = sourcecode.swift; path = ConversationsViewController.swift; sourceTree = "<group>"; };
		C02A6E7325F3A2F4000C55DB /* Base */ = {isa = PBXFileReference; lastKnownFileType = file.storyboard; name = Base; path = Base.lproj/Main.storyboard; sourceTree = "<group>"; };
		C02A6E7525F3A2F4000C55DB /* Assets.xcassets */ = {isa = PBXFileReference; lastKnownFileType = folder.assetcatalog; path = Assets.xcassets; sourceTree = "<group>"; };
		C02A6E7825F3A2F4000C55DB /* Base */ = {isa = PBXFileReference; lastKnownFileType = file.storyboard; name = Base; path = Base.lproj/LaunchScreen.storyboard; sourceTree = "<group>"; };
		C02A6E8825F3A6AC000C55DB /* LoginViewController.swift */ = {isa = PBXFileReference; lastKnownFileType = sourcecode.swift; path = LoginViewController.swift; sourceTree = "<group>"; };
		C02A6E8C25F3A6BD000C55DB /* RegisterViewController.swift */ = {isa = PBXFileReference; lastKnownFileType = sourcecode.swift; path = RegisterViewController.swift; sourceTree = "<group>"; };
		C02A6E9725F3A76B000C55DB /* NewConversationViewController.swift */ = {isa = PBXFileReference; lastKnownFileType = sourcecode.swift; path = NewConversationViewController.swift; sourceTree = "<group>"; };
		C02A6E9A25F3A785000C55DB /* ProfileViewController.swift */ = {isa = PBXFileReference; lastKnownFileType = sourcecode.swift; path = ProfileViewController.swift; sourceTree = "<group>"; };
		C02A6E9F25F3B53E000C55DB /* Extensions.swift */ = {isa = PBXFileReference; lastKnownFileType = sourcecode.swift; path = Extensions.swift; sourceTree = "<group>"; };
		C02DEF77261E2D2100A03F22 /* ConversationTableViewCell.swift */ = {isa = PBXFileReference; lastKnownFileType = sourcecode.swift; path = ConversationTableViewCell.swift; sourceTree = "<group>"; };
		C04A810D260B949700AA1D85 /* ChatViewController.swift */ = {isa = PBXFileReference; lastKnownFileType = sourcecode.swift; path = ChatViewController.swift; sourceTree = "<group>"; };
		C05DBED9264A7D0200DCFCE2 /* LocationPickerViewController.swift */ = {isa = PBXFileReference; lastKnownFileType = sourcecode.swift; path = LocationPickerViewController.swift; sourceTree = "<group>"; };
		C05DBEDC264A7D5800DCFCE2 /* PhotoViewerViewController.swift */ = {isa = PBXFileReference; lastKnownFileType = sourcecode.swift; path = PhotoViewerViewController.swift; sourceTree = "<group>"; };
		C0921F10266BFBFB009C85F0 /* Bisewatch.app */ = {isa = PBXFileReference; explicitFileType = wrapper.application; includeInIndex = 0; path = Bisewatch.app; sourceTree = BUILT_PRODUCTS_DIR; };
		C0921F13266BFBFB009C85F0 /* Base */ = {isa = PBXFileReference; lastKnownFileType = file.storyboard; name = Base; path = Base.lproj/Interface.storyboard; sourceTree = "<group>"; };
		C0921F15266BFBFC009C85F0 /* Assets.xcassets */ = {isa = PBXFileReference; lastKnownFileType = folder.assetcatalog; path = Assets.xcassets; sourceTree = "<group>"; };
		C0921F17266BFBFC009C85F0 /* Info.plist */ = {isa = PBXFileReference; lastKnownFileType = text.plist.xml; path = Info.plist; sourceTree = "<group>"; };
		C0921F1C266BFBFC009C85F0 /* Bisewatch Extension.appex */ = {isa = PBXFileReference; explicitFileType = "wrapper.app-extension"; includeInIndex = 0; path = "Bisewatch Extension.appex"; sourceTree = BUILT_PRODUCTS_DIR; };
		C0921F21266BFBFC009C85F0 /* InterfaceController.swift */ = {isa = PBXFileReference; lastKnownFileType = sourcecode.swift; path = InterfaceController.swift; sourceTree = "<group>"; };
		C0921F23266BFBFC009C85F0 /* ExtensionDelegate.swift */ = {isa = PBXFileReference; lastKnownFileType = sourcecode.swift; path = ExtensionDelegate.swift; sourceTree = "<group>"; };
		C0921F25266BFBFC009C85F0 /* NotificationController.swift */ = {isa = PBXFileReference; lastKnownFileType = sourcecode.swift; path = NotificationController.swift; sourceTree = "<group>"; };
		C0921F27266BFBFC009C85F0 /* ComplicationController.swift */ = {isa = PBXFileReference; lastKnownFileType = sourcecode.swift; path = ComplicationController.swift; sourceTree = "<group>"; };
		C0921F29266BFBFD009C85F0 /* Assets.xcassets */ = {isa = PBXFileReference; lastKnownFileType = folder.assetcatalog; path = Assets.xcassets; sourceTree = "<group>"; };
		C0921F2B266BFBFD009C85F0 /* Info.plist */ = {isa = PBXFileReference; lastKnownFileType = text.plist.xml; path = Info.plist; sourceTree = "<group>"; };
		C0921F2C266BFBFD009C85F0 /* PushNotificationPayload.apns */ = {isa = PBXFileReference; lastKnownFileType = text; path = PushNotificationPayload.apns; sourceTree = "<group>"; };
		C098CFF9260D25F300C08939 /* StorageManager.swift */ = {isa = PBXFileReference; lastKnownFileType = sourcecode.swift; path = StorageManager.swift; sourceTree = "<group>"; };
		C09FC0FD2648559D00FBDE4B /* ConversationModels.swift */ = {isa = PBXFileReference; lastKnownFileType = sourcecode.swift; path = ConversationModels.swift; sourceTree = "<group>"; };
		C09FC102264855F700FBDE4B /* ChatModels.swift */ = {isa = PBXFileReference; lastKnownFileType = sourcecode.swift; path = ChatModels.swift; sourceTree = "<group>"; };
		C09FC1052648564100FBDE4B /* SearchResults.swift */ = {isa = PBXFileReference; lastKnownFileType = sourcecode.swift; path = SearchResults.swift; sourceTree = "<group>"; };
		C09FC108264856AD00FBDE4B /* ProfileViewModel.swift */ = {isa = PBXFileReference; lastKnownFileType = sourcecode.swift; path = ProfileViewModel.swift; sourceTree = "<group>"; };
		C0A1738C2647D23100FEC3B4 /* NewConversationCell.swift */ = {isa = PBXFileReference; lastKnownFileType = sourcecode.swift; path = NewConversationCell.swift; sourceTree = "<group>"; };
		C0EB2C632614E59B00B0B031 /* CoreTelephony.framework */ = {isa = PBXFileReference; lastKnownFileType = wrapper.framework; name = CoreTelephony.framework; path = System/Library/Frameworks/CoreTelephony.framework; sourceTree = SDKROOT; };
		E61C8A34CD241B1A788305F7 /* Pods_Bise.framework */ = {isa = PBXFileReference; explicitFileType = wrapper.framework; includeInIndex = 0; path = Pods_Bise.framework; sourceTree = BUILT_PRODUCTS_DIR; };
		F958F7CA264912A6003EA1DA /* Info.plist */ = {isa = PBXFileReference; fileEncoding = 4; lastKnownFileType = text.plist.xml; path = Info.plist; sourceTree = "<group>"; };
		F9B385732649425900A8D346 /* GoogleService-Info.plist */ = {isa = PBXFileReference; fileEncoding = 4; lastKnownFileType = text.plist.xml; path = "GoogleService-Info.plist"; sourceTree = "<group>"; };
/* End PBXFileReference section */

/* Begin PBXFrameworksBuildPhase section */
		C02A6E6625F3A2F4000C55DB /* Frameworks */ = {
			isa = PBXFrameworksBuildPhase;
			buildActionMask = 2147483647;
			files = (
				C0EB2C642614E59B00B0B031 /* CoreTelephony.framework in Frameworks */,
				540A5D6806490AF2FAB20B3E /* Pods_Bise.framework in Frameworks */,
			);
			runOnlyForDeploymentPostprocessing = 0;
		};
		C0921F19266BFBFC009C85F0 /* Frameworks */ = {
			isa = PBXFrameworksBuildPhase;
			buildActionMask = 2147483647;
			files = (
			);
			runOnlyForDeploymentPostprocessing = 0;
		};
/* End PBXFrameworksBuildPhase section */

/* Begin PBXGroup section */
		52A7C786D8E83F4E3DDDEA82 /* Frameworks */ = {
			isa = PBXGroup;
			children = (
				C0EB2C632614E59B00B0B031 /* CoreTelephony.framework */,
				E61C8A34CD241B1A788305F7 /* Pods_Bise.framework */,
			);
			name = Frameworks;
			sourceTree = "<group>";
		};
		BA11FCE7DCE22EB65C0BE473 /* Pods */ = {
			isa = PBXGroup;
			children = (
				511503923B82C69D3BCCF3FE /* Pods-Bise.debug.xcconfig */,
				17AFB2DB6F7DF8BCB4C9A1F4 /* Pods-Bise.release.xcconfig */,
			);
			path = Pods;
			sourceTree = "<group>";
		};
		C02A6E6025F3A2F4000C55DB = {
			isa = PBXGroup;
			children = (
				C02A6E6B25F3A2F4000C55DB /* Bise */,
				C0921F11266BFBFB009C85F0 /* Bisewatch */,
				C0921F20266BFBFC009C85F0 /* Bisewatch Extension */,
				C02A6E6A25F3A2F4000C55DB /* Products */,
				BA11FCE7DCE22EB65C0BE473 /* Pods */,
				52A7C786D8E83F4E3DDDEA82 /* Frameworks */,
			);
			sourceTree = "<group>";
		};
		C02A6E6A25F3A2F4000C55DB /* Products */ = {
			isa = PBXGroup;
			children = (
				C02A6E6925F3A2F4000C55DB /* Bise.app */,
				C0921F10266BFBFB009C85F0 /* Bisewatch.app */,
				C0921F1C266BFBFC009C85F0 /* Bisewatch Extension.appex */,
			);
			name = Products;
			sourceTree = "<group>";
		};
		C02A6E6B25F3A2F4000C55DB /* Bise */ = {
			isa = PBXGroup;
			children = (
				F9B385732649425900A8D346 /* GoogleService-Info.plist */,
				F958F7CA264912A6003EA1DA /* Info.plist */,
				C02A6E8525F3A4F6000C55DB /* Resources */,
				C02A6E8425F3A4E8000C55DB /* ViewModels */,
				C02A6E8325F3A4D9000C55DB /* Models */,
				C02A6E8225F3A4CC000C55DB /* Views */,
				C02A6E8125F3A4B7000C55DB /* Controllers */,
			);
			path = Bise;
			sourceTree = "<group>";
		};
		C02A6E8125F3A4B7000C55DB /* Controllers */ = {
			isa = PBXGroup;
			children = (
				C02A6E7025F3A2F4000C55DB /* ConversationsViewController.swift */,
				C02A6E9D25F3AEAA000C55DB /* Login */,
				C02A6E9725F3A76B000C55DB /* NewConversationViewController.swift */,
				C02A6E9A25F3A785000C55DB /* ProfileViewController.swift */,
				C04A810D260B949700AA1D85 /* ChatViewController.swift */,
				C05DBED9264A7D0200DCFCE2 /* LocationPickerViewController.swift */,
				C05DBEDC264A7D5800DCFCE2 /* PhotoViewerViewController.swift */,
			);
			path = Controllers;
			sourceTree = "<group>";
		};
		C02A6E8225F3A4CC000C55DB /* Views */ = {
			isa = PBXGroup;
			children = (
				C02A6E8625F3A52F000C55DB /* Storyboards */,
				C02A6E7525F3A2F4000C55DB /* Assets.xcassets */,
				C02DEF77261E2D2100A03F22 /* ConversationTableViewCell.swift */,
				C0A1738C2647D23100FEC3B4 /* NewConversationCell.swift */,
			);
			path = Views;
			sourceTree = "<group>";
		};
		C02A6E8325F3A4D9000C55DB /* Models */ = {
			isa = PBXGroup;
			children = (
				C09FC0FD2648559D00FBDE4B /* ConversationModels.swift */,
				C09FC102264855F700FBDE4B /* ChatModels.swift */,
				C09FC1052648564100FBDE4B /* SearchResults.swift */,
				C09FC108264856AD00FBDE4B /* ProfileViewModel.swift */,
			);
			path = Models;
			sourceTree = "<group>";
		};
		C02A6E8425F3A4E8000C55DB /* ViewModels */ = {
			isa = PBXGroup;
			children = (
			);
			path = ViewModels;
			sourceTree = "<group>";
		};
		C02A6E8525F3A4F6000C55DB /* Resources */ = {
			isa = PBXGroup;
			children = (
				C02A6E6C25F3A2F4000C55DB /* AppDelegate.swift */,
				C02A6E6E25F3A2F4000C55DB /* SceneDelegate.swift */,
				C02A6E9F25F3B53E000C55DB /* Extensions.swift */,
				C0190BC025F6D92A0075AA3E /* DatabaseManager.swift */,
				C098CFF9260D25F300C08939 /* StorageManager.swift */,
			);
			path = Resources;
			sourceTree = "<group>";
		};
		C02A6E8625F3A52F000C55DB /* Storyboards */ = {
			isa = PBXGroup;
			children = (
				C02A6E7225F3A2F4000C55DB /* Main.storyboard */,
				C02A6E7725F3A2F4000C55DB /* LaunchScreen.storyboard */,
			);
			path = Storyboards;
			sourceTree = "<group>";
		};
		C02A6E9D25F3AEAA000C55DB /* Login */ = {
			isa = PBXGroup;
			children = (
				C02A6E8825F3A6AC000C55DB /* LoginViewController.swift */,
				C02A6E8C25F3A6BD000C55DB /* RegisterViewController.swift */,
			);
			path = Login;
			sourceTree = "<group>";
		};
		C0921F11266BFBFB009C85F0 /* Bisewatch */ = {
			isa = PBXGroup;
			children = (
				C0921F12266BFBFB009C85F0 /* Interface.storyboard */,
				C0921F15266BFBFC009C85F0 /* Assets.xcassets */,
				C0921F17266BFBFC009C85F0 /* Info.plist */,
			);
			path = Bisewatch;
			sourceTree = "<group>";
		};
		C0921F20266BFBFC009C85F0 /* Bisewatch Extension */ = {
			isa = PBXGroup;
			children = (
				C0921F21266BFBFC009C85F0 /* InterfaceController.swift */,
				C0921F23266BFBFC009C85F0 /* ExtensionDelegate.swift */,
				C0921F25266BFBFC009C85F0 /* NotificationController.swift */,
				C0921F27266BFBFC009C85F0 /* ComplicationController.swift */,
				C0921F29266BFBFD009C85F0 /* Assets.xcassets */,
				C0921F2B266BFBFD009C85F0 /* Info.plist */,
				C0921F2C266BFBFD009C85F0 /* PushNotificationPayload.apns */,
			);
			path = "Bisewatch Extension";
			sourceTree = "<group>";
		};
/* End PBXGroup section */

/* Begin PBXNativeTarget section */
		C02A6E6825F3A2F4000C55DB /* Bise */ = {
			isa = PBXNativeTarget;
			buildConfigurationList = C02A6E7D25F3A2F4000C55DB /* Build configuration list for PBXNativeTarget "Bise" */;
			buildPhases = (
				D9DE6D4C67DBBD4224F29301 /* [CP] Check Pods Manifest.lock */,
				C02A6E6525F3A2F4000C55DB /* Sources */,
				C02A6E6625F3A2F4000C55DB /* Frameworks */,
				C02A6E6725F3A2F4000C55DB /* Resources */,
				B5F131D9F3941D61F7B77136 /* [CP] Embed Pods Frameworks */,
				930952E3E755CFEC569DF269 /* [CP] Copy Pods Resources */,
				C0921F30266BFBFD009C85F0 /* Embed Watch Content */,
			);
			buildRules = (
			);
			dependencies = (
				C0921F2E266BFBFD009C85F0 /* PBXTargetDependency */,
			);
			name = Bise;
			productName = Bise;
			productReference = C02A6E6925F3A2F4000C55DB /* Bise.app */;
			productType = "com.apple.product-type.application";
		};
		C0921F0F266BFBFB009C85F0 /* Bisewatch */ = {
			isa = PBXNativeTarget;
			buildConfigurationList = C0921F37266BFBFD009C85F0 /* Build configuration list for PBXNativeTarget "Bisewatch" */;
			buildPhases = (
				C0921F0E266BFBFB009C85F0 /* Resources */,
				C0921F33266BFBFD009C85F0 /* Embed App Extensions */,
			);
			buildRules = (
			);
			dependencies = (
				C0921F1F266BFBFC009C85F0 /* PBXTargetDependency */,
			);
			name = Bisewatch;
			productName = Bisewatch;
			productReference = C0921F10266BFBFB009C85F0 /* Bisewatch.app */;
			productType = "com.apple.product-type.application.watchapp2";
		};
		C0921F1B266BFBFC009C85F0 /* Bisewatch Extension */ = {
			isa = PBXNativeTarget;
			buildConfigurationList = C0921F36266BFBFD009C85F0 /* Build configuration list for PBXNativeTarget "Bisewatch Extension" */;
			buildPhases = (
				C0921F18266BFBFC009C85F0 /* Sources */,
				C0921F19266BFBFC009C85F0 /* Frameworks */,
				C0921F1A266BFBFC009C85F0 /* Resources */,
			);
			buildRules = (
			);
			dependencies = (
			);
			name = "Bisewatch Extension";
			productName = "Bisewatch Extension";
			productReference = C0921F1C266BFBFC009C85F0 /* Bisewatch Extension.appex */;
			productType = "com.apple.product-type.watchkit2-extension";
		};
/* End PBXNativeTarget section */

/* Begin PBXProject section */
		C02A6E6125F3A2F4000C55DB /* Project object */ = {
			isa = PBXProject;
			attributes = {
				LastSwiftUpdateCheck = 1250;
				LastUpgradeCheck = 1240;
				TargetAttributes = {
					C02A6E6825F3A2F4000C55DB = {
						CreatedOnToolsVersion = 12.4;
					};
					C0921F0F266BFBFB009C85F0 = {
						CreatedOnToolsVersion = 12.5;
					};
					C0921F1B266BFBFC009C85F0 = {
						CreatedOnToolsVersion = 12.5;
					};
				};
			};
			buildConfigurationList = C02A6E6425F3A2F4000C55DB /* Build configuration list for PBXProject "Bise" */;
			compatibilityVersion = "Xcode 9.3";
			developmentRegion = en;
			hasScannedForEncodings = 0;
			knownRegions = (
				en,
				Base,
			);
			mainGroup = C02A6E6025F3A2F4000C55DB;
			productRefGroup = C02A6E6A25F3A2F4000C55DB /* Products */;
			projectDirPath = "";
			projectRoot = "";
			targets = (
				C02A6E6825F3A2F4000C55DB /* Bise */,
				C0921F0F266BFBFB009C85F0 /* Bisewatch */,
				C0921F1B266BFBFC009C85F0 /* Bisewatch Extension */,
			);
		};
/* End PBXProject section */

/* Begin PBXResourcesBuildPhase section */
		C02A6E6725F3A2F4000C55DB /* Resources */ = {
			isa = PBXResourcesBuildPhase;
			buildActionMask = 2147483647;
			files = (
				C02A6E7925F3A2F4000C55DB /* LaunchScreen.storyboard in Resources */,
				F9B385742649425A00A8D346 /* GoogleService-Info.plist in Resources */,
				C02A6E7625F3A2F4000C55DB /* Assets.xcassets in Resources */,
				C02A6E7425F3A2F4000C55DB /* Main.storyboard in Resources */,
			);
			runOnlyForDeploymentPostprocessing = 0;
		};
		C0921F0E266BFBFB009C85F0 /* Resources */ = {
			isa = PBXResourcesBuildPhase;
			buildActionMask = 2147483647;
			files = (
				C0921F16266BFBFC009C85F0 /* Assets.xcassets in Resources */,
				C0921F14266BFBFB009C85F0 /* Interface.storyboard in Resources */,
			);
			runOnlyForDeploymentPostprocessing = 0;
		};
		C0921F1A266BFBFC009C85F0 /* Resources */ = {
			isa = PBXResourcesBuildPhase;
			buildActionMask = 2147483647;
			files = (
				C0921F2A266BFBFD009C85F0 /* Assets.xcassets in Resources */,
			);
			runOnlyForDeploymentPostprocessing = 0;
		};
/* End PBXResourcesBuildPhase section */

/* Begin PBXShellScriptBuildPhase section */
		930952E3E755CFEC569DF269 /* [CP] Copy Pods Resources */ = {
			isa = PBXShellScriptBuildPhase;
			buildActionMask = 2147483647;
			files = (
			);
			inputFileListPaths = (
			);
			name = "[CP] Copy Pods Resources";
			outputFileListPaths = (
			);
			runOnlyForDeploymentPostprocessing = 0;
			shellPath = /bin/sh;
			shellScript = "\"${PODS_ROOT}/Target Support Files/Pods-Bise/Pods-Bise-resources.sh\"\n";
			showEnvVarsInLog = 0;
		};
		B5F131D9F3941D61F7B77136 /* [CP] Embed Pods Frameworks */ = {
			isa = PBXShellScriptBuildPhase;
			buildActionMask = 2147483647;
			files = (
			);
			inputFileListPaths = (
			);
			name = "[CP] Embed Pods Frameworks";
			outputFileListPaths = (
			);
			runOnlyForDeploymentPostprocessing = 0;
			shellPath = /bin/sh;
			shellScript = "\"${PODS_ROOT}/Target Support Files/Pods-Bise/Pods-Bise-frameworks.sh\"\n";
			showEnvVarsInLog = 0;
		};
		D9DE6D4C67DBBD4224F29301 /* [CP] Check Pods Manifest.lock */ = {
			isa = PBXShellScriptBuildPhase;
			buildActionMask = 2147483647;
			files = (
			);
			inputFileListPaths = (
			);
			inputPaths = (
				"${PODS_PODFILE_DIR_PATH}/Podfile.lock",
				"${PODS_ROOT}/Manifest.lock",
			);
			name = "[CP] Check Pods Manifest.lock";
			outputFileListPaths = (
			);
			outputPaths = (
				"$(DERIVED_FILE_DIR)/Pods-Bise-checkManifestLockResult.txt",
			);
			runOnlyForDeploymentPostprocessing = 0;
			shellPath = /bin/sh;
			shellScript = "diff \"${PODS_PODFILE_DIR_PATH}/Podfile.lock\" \"${PODS_ROOT}/Manifest.lock\" > /dev/null\nif [ $? != 0 ] ; then\n    # print error to STDERR\n    echo \"error: The sandbox is not in sync with the Podfile.lock. Run 'pod install' or update your CocoaPods installation.\" >&2\n    exit 1\nfi\n# This output is used by Xcode 'outputs' to avoid re-running this script phase.\necho \"SUCCESS\" > \"${SCRIPT_OUTPUT_FILE_0}\"\n";
			showEnvVarsInLog = 0;
		};
/* End PBXShellScriptBuildPhase section */

/* Begin PBXSourcesBuildPhase section */
		C02A6E6525F3A2F4000C55DB /* Sources */ = {
			isa = PBXSourcesBuildPhase;
			buildActionMask = 2147483647;
			files = (
				C02A6E8925F3A6AC000C55DB /* LoginViewController.swift in Sources */,
				C05DBEDA264A7D0200DCFCE2 /* LocationPickerViewController.swift in Sources */,
				C0A1738D2647D23100FEC3B4 /* NewConversationCell.swift in Sources */,
				C05DBEDD264A7D5800DCFCE2 /* PhotoViewerViewController.swift in Sources */,
				C09FC0FE2648559D00FBDE4B /* ConversationModels.swift in Sources */,
				C0190BC125F6D92A0075AA3E /* DatabaseManager.swift in Sources */,
				C02A6E8D25F3A6BD000C55DB /* RegisterViewController.swift in Sources */,
				C02A6E9825F3A76B000C55DB /* NewConversationViewController.swift in Sources */,
				C09FC1062648564100FBDE4B /* SearchResults.swift in Sources */,
				C09FC103264855F700FBDE4B /* ChatModels.swift in Sources */,
				C02A6E7125F3A2F4000C55DB /* ConversationsViewController.swift in Sources */,
				C02A6EA025F3B53E000C55DB /* Extensions.swift in Sources */,
				C02A6E6D25F3A2F4000C55DB /* AppDelegate.swift in Sources */,
				C02DEF78261E2D2100A03F22 /* ConversationTableViewCell.swift in Sources */,
				C02A6E9B25F3A785000C55DB /* ProfileViewController.swift in Sources */,
				C09FC109264856AD00FBDE4B /* ProfileViewModel.swift in Sources */,
				C02A6E6F25F3A2F4000C55DB /* SceneDelegate.swift in Sources */,
				C04A810E260B949700AA1D85 /* ChatViewController.swift in Sources */,
				C098CFFA260D25F300C08939 /* StorageManager.swift in Sources */,
			);
			runOnlyForDeploymentPostprocessing = 0;
		};
		C0921F18266BFBFC009C85F0 /* Sources */ = {
			isa = PBXSourcesBuildPhase;
			buildActionMask = 2147483647;
			files = (
				C0921F26266BFBFC009C85F0 /* NotificationController.swift in Sources */,
				C0921F28266BFBFC009C85F0 /* ComplicationController.swift in Sources */,
				C0921F24266BFBFC009C85F0 /* ExtensionDelegate.swift in Sources */,
				C0921F22266BFBFC009C85F0 /* InterfaceController.swift in Sources */,
			);
			runOnlyForDeploymentPostprocessing = 0;
		};
/* End PBXSourcesBuildPhase section */

/* Begin PBXTargetDependency section */
		C0921F1F266BFBFC009C85F0 /* PBXTargetDependency */ = {
			isa = PBXTargetDependency;
			target = C0921F1B266BFBFC009C85F0 /* Bisewatch Extension */;
			targetProxy = C0921F1E266BFBFC009C85F0 /* PBXContainerItemProxy */;
		};
		C0921F2E266BFBFD009C85F0 /* PBXTargetDependency */ = {
			isa = PBXTargetDependency;
			target = C0921F0F266BFBFB009C85F0 /* Bisewatch */;
			targetProxy = C0921F2D266BFBFD009C85F0 /* PBXContainerItemProxy */;
		};
/* End PBXTargetDependency section */

/* Begin PBXVariantGroup section */
		C02A6E7225F3A2F4000C55DB /* Main.storyboard */ = {
			isa = PBXVariantGroup;
			children = (
				C02A6E7325F3A2F4000C55DB /* Base */,
			);
			name = Main.storyboard;
			sourceTree = "<group>";
		};
		C02A6E7725F3A2F4000C55DB /* LaunchScreen.storyboard */ = {
			isa = PBXVariantGroup;
			children = (
				C02A6E7825F3A2F4000C55DB /* Base */,
			);
			name = LaunchScreen.storyboard;
			sourceTree = "<group>";
		};
		C0921F12266BFBFB009C85F0 /* Interface.storyboard */ = {
			isa = PBXVariantGroup;
			children = (
				C0921F13266BFBFB009C85F0 /* Base */,
			);
			name = Interface.storyboard;
			sourceTree = "<group>";
		};
/* End PBXVariantGroup section */

/* Begin XCBuildConfiguration section */
		C02A6E7B25F3A2F4000C55DB /* Debug */ = {
			isa = XCBuildConfiguration;
			buildSettings = {
				ALWAYS_SEARCH_USER_PATHS = NO;
				CLANG_ANALYZER_NONNULL = YES;
				CLANG_ANALYZER_NUMBER_OBJECT_CONVERSION = YES_AGGRESSIVE;
				CLANG_CXX_LANGUAGE_STANDARD = "gnu++14";
				CLANG_CXX_LIBRARY = "libc++";
				CLANG_ENABLE_MODULES = YES;
				CLANG_ENABLE_OBJC_ARC = YES;
				CLANG_ENABLE_OBJC_WEAK = YES;
				CLANG_WARN_BLOCK_CAPTURE_AUTORELEASING = YES;
				CLANG_WARN_BOOL_CONVERSION = YES;
				CLANG_WARN_COMMA = YES;
				CLANG_WARN_CONSTANT_CONVERSION = YES;
				CLANG_WARN_DEPRECATED_OBJC_IMPLEMENTATIONS = YES;
				CLANG_WARN_DIRECT_OBJC_ISA_USAGE = YES_ERROR;
				CLANG_WARN_DOCUMENTATION_COMMENTS = YES;
				CLANG_WARN_EMPTY_BODY = YES;
				CLANG_WARN_ENUM_CONVERSION = YES;
				CLANG_WARN_INFINITE_RECURSION = YES;
				CLANG_WARN_INT_CONVERSION = YES;
				CLANG_WARN_NON_LITERAL_NULL_CONVERSION = YES;
				CLANG_WARN_OBJC_IMPLICIT_RETAIN_SELF = YES;
				CLANG_WARN_OBJC_LITERAL_CONVERSION = YES;
				CLANG_WARN_OBJC_ROOT_CLASS = YES_ERROR;
				CLANG_WARN_QUOTED_INCLUDE_IN_FRAMEWORK_HEADER = YES;
				CLANG_WARN_RANGE_LOOP_ANALYSIS = YES;
				CLANG_WARN_STRICT_PROTOTYPES = YES;
				CLANG_WARN_SUSPICIOUS_MOVE = YES;
				CLANG_WARN_UNGUARDED_AVAILABILITY = YES_AGGRESSIVE;
				CLANG_WARN_UNREACHABLE_CODE = YES;
				CLANG_WARN__DUPLICATE_METHOD_MATCH = YES;
				COPY_PHASE_STRIP = NO;
				DEBUG_INFORMATION_FORMAT = dwarf;
				ENABLE_STRICT_OBJC_MSGSEND = YES;
				ENABLE_TESTABILITY = YES;
				EXCLUDED_ARCHS = "";
				"EXCLUDED_ARCHS[sdk=iphonesimulator*]" = arm64;
				GCC_C_LANGUAGE_STANDARD = gnu11;
				GCC_DYNAMIC_NO_PIC = NO;
				GCC_NO_COMMON_BLOCKS = YES;
				GCC_OPTIMIZATION_LEVEL = 0;
				GCC_PREPROCESSOR_DEFINITIONS = (
					"DEBUG=1",
					"$(inherited)",
				);
				GCC_WARN_64_TO_32_BIT_CONVERSION = YES;
				GCC_WARN_ABOUT_RETURN_TYPE = YES_ERROR;
				GCC_WARN_UNDECLARED_SELECTOR = YES;
				GCC_WARN_UNINITIALIZED_AUTOS = YES_AGGRESSIVE;
				GCC_WARN_UNUSED_FUNCTION = YES;
				GCC_WARN_UNUSED_VARIABLE = YES;
				IPHONEOS_DEPLOYMENT_TARGET = 14.1;
				MTL_ENABLE_DEBUG_INFO = INCLUDE_SOURCE;
				MTL_FAST_MATH = YES;
				ONLY_ACTIVE_ARCH = YES;
				SDKROOT = iphoneos;
				SWIFT_ACTIVE_COMPILATION_CONDITIONS = DEBUG;
				SWIFT_OPTIMIZATION_LEVEL = "-Onone";
			};
			name = Debug;
		};
		C02A6E7C25F3A2F4000C55DB /* Release */ = {
			isa = XCBuildConfiguration;
			buildSettings = {
				ALWAYS_SEARCH_USER_PATHS = NO;
				CLANG_ANALYZER_NONNULL = YES;
				CLANG_ANALYZER_NUMBER_OBJECT_CONVERSION = YES_AGGRESSIVE;
				CLANG_CXX_LANGUAGE_STANDARD = "gnu++14";
				CLANG_CXX_LIBRARY = "libc++";
				CLANG_ENABLE_MODULES = YES;
				CLANG_ENABLE_OBJC_ARC = YES;
				CLANG_ENABLE_OBJC_WEAK = YES;
				CLANG_WARN_BLOCK_CAPTURE_AUTORELEASING = YES;
				CLANG_WARN_BOOL_CONVERSION = YES;
				CLANG_WARN_COMMA = YES;
				CLANG_WARN_CONSTANT_CONVERSION = YES;
				CLANG_WARN_DEPRECATED_OBJC_IMPLEMENTATIONS = YES;
				CLANG_WARN_DIRECT_OBJC_ISA_USAGE = YES_ERROR;
				CLANG_WARN_DOCUMENTATION_COMMENTS = YES;
				CLANG_WARN_EMPTY_BODY = YES;
				CLANG_WARN_ENUM_CONVERSION = YES;
				CLANG_WARN_INFINITE_RECURSION = YES;
				CLANG_WARN_INT_CONVERSION = YES;
				CLANG_WARN_NON_LITERAL_NULL_CONVERSION = YES;
				CLANG_WARN_OBJC_IMPLICIT_RETAIN_SELF = YES;
				CLANG_WARN_OBJC_LITERAL_CONVERSION = YES;
				CLANG_WARN_OBJC_ROOT_CLASS = YES_ERROR;
				CLANG_WARN_QUOTED_INCLUDE_IN_FRAMEWORK_HEADER = YES;
				CLANG_WARN_RANGE_LOOP_ANALYSIS = YES;
				CLANG_WARN_STRICT_PROTOTYPES = YES;
				CLANG_WARN_SUSPICIOUS_MOVE = YES;
				CLANG_WARN_UNGUARDED_AVAILABILITY = YES_AGGRESSIVE;
				CLANG_WARN_UNREACHABLE_CODE = YES;
				CLANG_WARN__DUPLICATE_METHOD_MATCH = YES;
				COPY_PHASE_STRIP = NO;
				DEBUG_INFORMATION_FORMAT = "dwarf-with-dsym";
				ENABLE_NS_ASSERTIONS = NO;
				ENABLE_STRICT_OBJC_MSGSEND = YES;
				EXCLUDED_ARCHS = "";
				"EXCLUDED_ARCHS[sdk=iphonesimulator*]" = arm64;
				GCC_C_LANGUAGE_STANDARD = gnu11;
				GCC_NO_COMMON_BLOCKS = YES;
				GCC_WARN_64_TO_32_BIT_CONVERSION = YES;
				GCC_WARN_ABOUT_RETURN_TYPE = YES_ERROR;
				GCC_WARN_UNDECLARED_SELECTOR = YES;
				GCC_WARN_UNINITIALIZED_AUTOS = YES_AGGRESSIVE;
				GCC_WARN_UNUSED_FUNCTION = YES;
				GCC_WARN_UNUSED_VARIABLE = YES;
				IPHONEOS_DEPLOYMENT_TARGET = 14.1;
				MTL_ENABLE_DEBUG_INFO = NO;
				MTL_FAST_MATH = YES;
				SDKROOT = iphoneos;
				SWIFT_COMPILATION_MODE = wholemodule;
				SWIFT_OPTIMIZATION_LEVEL = "-O";
				VALIDATE_PRODUCT = YES;
			};
			name = Release;
		};
		C02A6E7E25F3A2F4000C55DB /* Debug */ = {
			isa = XCBuildConfiguration;
			baseConfigurationReference = 511503923B82C69D3BCCF3FE /* Pods-Bise.debug.xcconfig */;
			buildSettings = {
				ASSETCATALOG_COMPILER_APPICON_NAME = AppIcon;
				ASSETCATALOG_COMPILER_GLOBAL_ACCENT_COLOR_NAME = AccentColor;
				CODE_SIGN_STYLE = Automatic;
				DEVELOPMENT_TEAM = SW4D3N59DT;
				EXCLUDED_ARCHS = "";
				INFOPLIST_FILE = Bise/Info.plist;
				IPHONEOS_DEPLOYMENT_TARGET = 13.0;
				LD_RUNPATH_SEARCH_PATHS = (
					"$(inherited)",
					"@executable_path/Frameworks",
				);
				PRODUCT_BUNDLE_IDENTIFIER = com.mestutos.labise;
				PRODUCT_NAME = "$(TARGET_NAME)";
				SWIFT_VERSION = 5.0;
				TARGETED_DEVICE_FAMILY = "1,2";
				VALIDATE_WORKSPACE = NO;
			};
			name = Debug;
		};
		C02A6E7F25F3A2F4000C55DB /* Release */ = {
			isa = XCBuildConfiguration;
			baseConfigurationReference = 17AFB2DB6F7DF8BCB4C9A1F4 /* Pods-Bise.release.xcconfig */;
			buildSettings = {
				ASSETCATALOG_COMPILER_APPICON_NAME = AppIcon;
				ASSETCATALOG_COMPILER_GLOBAL_ACCENT_COLOR_NAME = AccentColor;
				CODE_SIGN_STYLE = Automatic;
				DEVELOPMENT_TEAM = SW4D3N59DT;
				EXCLUDED_ARCHS = "";
				INFOPLIST_FILE = Bise/Info.plist;
				IPHONEOS_DEPLOYMENT_TARGET = 13.0;
				LD_RUNPATH_SEARCH_PATHS = (
					"$(inherited)",
					"@executable_path/Frameworks",
				);
				ONLY_ACTIVE_ARCH = YES;
				PRODUCT_BUNDLE_IDENTIFIER = com.mestutos.labise;
				PRODUCT_NAME = "$(TARGET_NAME)";
				SWIFT_VERSION = 5.0;
				TARGETED_DEVICE_FAMILY = "1,2";
				VALIDATE_WORKSPACE = NO;
			};
			name = Release;
		};
		C0921F31266BFBFD009C85F0 /* Debug */ = {
			isa = XCBuildConfiguration;
			buildSettings = {
				ALWAYS_EMBED_SWIFT_STANDARD_LIBRARIES = YES;
				ASSETCATALOG_COMPILER_APPICON_NAME = AppIcon;
				ASSETCATALOG_COMPILER_GLOBAL_ACCENT_COLOR_NAME = AccentColor;
				CODE_SIGN_STYLE = Automatic;
				DEVELOPMENT_TEAM = SW4D3N59DT;
				IBSC_MODULE = Bisewatch_Extension;
				INFOPLIST_FILE = Bisewatch/Info.plist;
				PRODUCT_BUNDLE_IDENTIFIER = com.mestutos.labise.watchkitapp;
				PRODUCT_NAME = "$(TARGET_NAME)";
				SDKROOT = watchos;
				SKIP_INSTALL = YES;
				SWIFT_VERSION = 5.0;
				TARGETED_DEVICE_FAMILY = 4;
				WATCHOS_DEPLOYMENT_TARGET = 7.4;
			};
			name = Debug;
		};
		C0921F32266BFBFD009C85F0 /* Release */ = {
			isa = XCBuildConfiguration;
			buildSettings = {
				ALWAYS_EMBED_SWIFT_STANDARD_LIBRARIES = YES;
				ASSETCATALOG_COMPILER_APPICON_NAME = AppIcon;
				ASSETCATALOG_COMPILER_GLOBAL_ACCENT_COLOR_NAME = AccentColor;
				CODE_SIGN_STYLE = Automatic;
				DEVELOPMENT_TEAM = SW4D3N59DT;
				IBSC_MODULE = Bisewatch_Extension;
				INFOPLIST_FILE = Bisewatch/Info.plist;
				PRODUCT_BUNDLE_IDENTIFIER = com.mestutos.labise.watchkitapp;
				PRODUCT_NAME = "$(TARGET_NAME)";
				SDKROOT = watchos;
				SKIP_INSTALL = YES;
				SWIFT_VERSION = 5.0;
				TARGETED_DEVICE_FAMILY = 4;
				WATCHOS_DEPLOYMENT_TARGET = 7.4;
			};
			name = Release;
		};
		C0921F34266BFBFD009C85F0 /* Debug */ = {
			isa = XCBuildConfiguration;
			buildSettings = {
				ASSETCATALOG_COMPILER_COMPLICATION_NAME = Complication;
				CODE_SIGN_STYLE = Automatic;
				DEVELOPMENT_TEAM = SW4D3N59DT;
				INFOPLIST_FILE = "Bisewatch Extension/Info.plist";
				LD_RUNPATH_SEARCH_PATHS = (
					"$(inherited)",
					"@executable_path/Frameworks",
					"@executable_path/../../Frameworks",
				);
				PRODUCT_BUNDLE_IDENTIFIER = com.mestutos.labise.watchkitapp.watchkitextension;
				PRODUCT_NAME = "${TARGET_NAME}";
				SDKROOT = watchos;
				SKIP_INSTALL = YES;
				SWIFT_VERSION = 5.0;
				TARGETED_DEVICE_FAMILY = 4;
				WATCHOS_DEPLOYMENT_TARGET = 7.4;
			};
			name = Debug;
		};
		C0921F35266BFBFD009C85F0 /* Release */ = {
			isa = XCBuildConfiguration;
			buildSettings = {
				ASSETCATALOG_COMPILER_COMPLICATION_NAME = Complication;
				CODE_SIGN_STYLE = Automatic;
				DEVELOPMENT_TEAM = SW4D3N59DT;
				INFOPLIST_FILE = "Bisewatch Extension/Info.plist";
				LD_RUNPATH_SEARCH_PATHS = (
					"$(inherited)",
					"@executable_path/Frameworks",
					"@executable_path/../../Frameworks",
				);
				PRODUCT_BUNDLE_IDENTIFIER = com.mestutos.labise.watchkitapp.watchkitextension;
				PRODUCT_NAME = "${TARGET_NAME}";
				SDKROOT = watchos;
				SKIP_INSTALL = YES;
				SWIFT_VERSION = 5.0;
				TARGETED_DEVICE_FAMILY = 4;
				WATCHOS_DEPLOYMENT_TARGET = 7.4;
			};
			name = Release;
		};
/* End XCBuildConfiguration section */

/* Begin XCConfigurationList section */
		C02A6E6425F3A2F4000C55DB /* Build configuration list for PBXProject "Bise" */ = {
			isa = XCConfigurationList;
			buildConfigurations = (
				C02A6E7B25F3A2F4000C55DB /* Debug */,
				C02A6E7C25F3A2F4000C55DB /* Release */,
			);
			defaultConfigurationIsVisible = 0;
			defaultConfigurationName = Release;
		};
		C02A6E7D25F3A2F4000C55DB /* Build configuration list for PBXNativeTarget "Bise" */ = {
			isa = XCConfigurationList;
			buildConfigurations = (
				C02A6E7E25F3A2F4000C55DB /* Debug */,
				C02A6E7F25F3A2F4000C55DB /* Release */,
			);
			defaultConfigurationIsVisible = 0;
			defaultConfigurationName = Release;
		};
		C0921F36266BFBFD009C85F0 /* Build configuration list for PBXNativeTarget "Bisewatch Extension" */ = {
			isa = XCConfigurationList;
			buildConfigurations = (
				C0921F34266BFBFD009C85F0 /* Debug */,
				C0921F35266BFBFD009C85F0 /* Release */,
			);
			defaultConfigurationIsVisible = 0;
			defaultConfigurationName = Release;
		};
		C0921F37266BFBFD009C85F0 /* Build configuration list for PBXNativeTarget "Bisewatch" */ = {
			isa = XCConfigurationList;
			buildConfigurations = (
				C0921F31266BFBFD009C85F0 /* Debug */,
				C0921F32266BFBFD009C85F0 /* Release */,
			);
			defaultConfigurationIsVisible = 0;
			defaultConfigurationName = Release;
		};
/* End XCConfigurationList section */
	};
	rootObject = C02A6E6125F3A2F4000C55DB /* Project object */;
}
