// !$*UTF8*$!
{
	archiveVersion = 1;
	classes = {
	};
	objectVersion = 50;
	objects = {

/* Begin PBXBuildFile section */
		C02A6E6D25F3A2F4000C55DB /* AppDelegate.swift in Sources */ = {isa = PBXBuildFile; fileRef = C02A6E6C25F3A2F4000C55DB /* AppDelegate.swift */; };
		C02A6E6F25F3A2F4000C55DB /* SceneDelegate.swift in Sources */ = {isa = PBXBuildFile; fileRef = C02A6E6E25F3A2F4000C55DB /* SceneDelegate.swift */; };
		C02A6E7125F3A2F4000C55DB /* ConversationsViewController.swift in Sources */ = {isa = PBXBuildFile; fileRef = C02A6E7025F3A2F4000C55DB /* ConversationsViewController.swift */; };
		C02A6E7425F3A2F4000C55DB /* Main.storyboard in Resources */ = {isa = PBXBuildFile; fileRef = C02A6E7225F3A2F4000C55DB /* Main.storyboard */; };
		C02A6E7625F3A2F4000C55DB /* Assets.xcassets in Resources */ = {isa = PBXBuildFile; fileRef = C02A6E7525F3A2F4000C55DB /* Assets.xcassets */; };
		C02A6E7925F3A2F4000C55DB /* LaunchScreen.storyboard in Resources */ = {isa = PBXBuildFile; fileRef = C02A6E7725F3A2F4000C55DB /* LaunchScreen.storyboard */; };
		C02A6E8925F3A6AC000C55DB /* LoginViewController.swift in Sources */ = {isa = PBXBuildFile; fileRef = C02A6E8825F3A6AC000C55DB /* LoginViewController.swift */; };
		C02A6E8D25F3A6BD000C55DB /* RegisterViewController.swift in Sources */ = {isa = PBXBuildFile; fileRef = C02A6E8C25F3A6BD000C55DB /* RegisterViewController.swift */; };
		C02A6E9125F3A6E9000C55DB /* PhotoViewerViewController.swift in Sources */ = {isa = PBXBuildFile; fileRef = C02A6E9025F3A6E9000C55DB /* PhotoViewerViewController.swift */; };
		C02A6E9525F3A6FB000C55DB /* VideoPlayerViewController.swift in Sources */ = {isa = PBXBuildFile; fileRef = C02A6E9425F3A6FB000C55DB /* VideoPlayerViewController.swift */; };
		C02A6E9825F3A76B000C55DB /* NewConversationViewController.swift in Sources */ = {isa = PBXBuildFile; fileRef = C02A6E9725F3A76B000C55DB /* NewConversationViewController.swift */; };
		C02A6E9B25F3A785000C55DB /* ProfileViewController.swift in Sources */ = {isa = PBXBuildFile; fileRef = C02A6E9A25F3A785000C55DB /* ProfileViewController.swift */; };
		C02A6EA025F3B53E000C55DB /* Extensions.swift in Sources */ = {isa = PBXBuildFile; fileRef = C02A6E9F25F3B53E000C55DB /* Extensions.swift */; };
/* End PBXBuildFile section */

/* Begin PBXFileReference section */
		C02A6E6925F3A2F4000C55DB /* Bise.app */ = {isa = PBXFileReference; explicitFileType = wrapper.application; includeInIndex = 0; path = Bise.app; sourceTree = BUILT_PRODUCTS_DIR; };
		C02A6E6C25F3A2F4000C55DB /* AppDelegate.swift */ = {isa = PBXFileReference; lastKnownFileType = sourcecode.swift; path = AppDelegate.swift; sourceTree = "<group>"; };
		C02A6E6E25F3A2F4000C55DB /* SceneDelegate.swift */ = {isa = PBXFileReference; lastKnownFileType = sourcecode.swift; path = SceneDelegate.swift; sourceTree = "<group>"; };
		C02A6E7025F3A2F4000C55DB /* ConversationsViewController.swift */ = {isa = PBXFileReference; lastKnownFileType = sourcecode.swift; path = ConversationsViewController.swift; sourceTree = "<group>"; };
		C02A6E7325F3A2F4000C55DB /* Base */ = {isa = PBXFileReference; lastKnownFileType = file.storyboard; name = Base; path = Base.lproj/Main.storyboard; sourceTree = "<group>"; };
		C02A6E7525F3A2F4000C55DB /* Assets.xcassets */ = {isa = PBXFileReference; lastKnownFileType = folder.assetcatalog; path = Assets.xcassets; sourceTree = "<group>"; };
		C02A6E7825F3A2F4000C55DB /* Base */ = {isa = PBXFileReference; lastKnownFileType = file.storyboard; name = Base; path = Base.lproj/LaunchScreen.storyboard; sourceTree = "<group>"; };
		C02A6E7A25F3A2F4000C55DB /* Info.plist */ = {isa = PBXFileReference; lastKnownFileType = text.plist.xml; path = Info.plist; sourceTree = "<group>"; };
		C02A6E8825F3A6AC000C55DB /* LoginViewController.swift */ = {isa = PBXFileReference; lastKnownFileType = sourcecode.swift; path = LoginViewController.swift; sourceTree = "<group>"; };
		C02A6E8C25F3A6BD000C55DB /* RegisterViewController.swift */ = {isa = PBXFileReference; lastKnownFileType = sourcecode.swift; path = RegisterViewController.swift; sourceTree = "<group>"; };
		C02A6E9025F3A6E9000C55DB /* PhotoViewerViewController.swift */ = {isa = PBXFileReference; lastKnownFileType = sourcecode.swift; path = PhotoViewerViewController.swift; sourceTree = "<group>"; };
		C02A6E9425F3A6FB000C55DB /* VideoPlayerViewController.swift */ = {isa = PBXFileReference; lastKnownFileType = sourcecode.swift; path = VideoPlayerViewController.swift; sourceTree = "<group>"; };
		C02A6E9725F3A76B000C55DB /* NewConversationViewController.swift */ = {isa = PBXFileReference; lastKnownFileType = sourcecode.swift; path = NewConversationViewController.swift; sourceTree = "<group>"; };
		C02A6E9A25F3A785000C55DB /* ProfileViewController.swift */ = {isa = PBXFileReference; lastKnownFileType = sourcecode.swift; path = ProfileViewController.swift; sourceTree = "<group>"; };
		C02A6E9F25F3B53E000C55DB /* Extensions.swift */ = {isa = PBXFileReference; lastKnownFileType = sourcecode.swift; path = Extensions.swift; sourceTree = "<group>"; };
/* End PBXFileReference section */

/* Begin PBXFrameworksBuildPhase section */
		C02A6E6625F3A2F4000C55DB /* Frameworks */ = {
			isa = PBXFrameworksBuildPhase;
			buildActionMask = 2147483647;
			files = (
			);
			runOnlyForDeploymentPostprocessing = 0;
		};
/* End PBXFrameworksBuildPhase section */

/* Begin PBXGroup section */
		C02A6E6025F3A2F4000C55DB = {
			isa = PBXGroup;
			children = (
				C02A6E6B25F3A2F4000C55DB /* Bise */,
				C02A6E6A25F3A2F4000C55DB /* Products */,
			);
			sourceTree = "<group>";
		};
		C02A6E6A25F3A2F4000C55DB /* Products */ = {
			isa = PBXGroup;
			children = (
				C02A6E6925F3A2F4000C55DB /* Bise.app */,
			);
			name = Products;
			sourceTree = "<group>";
		};
		C02A6E6B25F3A2F4000C55DB /* Bise */ = {
			isa = PBXGroup;
			children = (
				C02A6E8525F3A4F6000C55DB /* Resources */,
				C02A6E8425F3A4E8000C55DB /* ViewModels */,
				C02A6E8325F3A4D9000C55DB /* Models */,
				C02A6E8225F3A4CC000C55DB /* Views */,
				C02A6E8125F3A4B7000C55DB /* Controllers */,
				C02A6E7A25F3A2F4000C55DB /* Info.plist */,
			);
			path = Bise;
			sourceTree = "<group>";
		};
		C02A6E8125F3A4B7000C55DB /* Controllers */ = {
			isa = PBXGroup;
			children = (
				C02A6E7025F3A2F4000C55DB /* ConversationsViewController.swift */,
				C02A6E9D25F3AEAA000C55DB /* Login */,
				C02A6E9025F3A6E9000C55DB /* PhotoViewerViewController.swift */,
				C02A6E9425F3A6FB000C55DB /* VideoPlayerViewController.swift */,
				C02A6E9725F3A76B000C55DB /* NewConversationViewController.swift */,
				C02A6E9A25F3A785000C55DB /* ProfileViewController.swift */,
			);
			path = Controllers;
			sourceTree = "<group>";
		};
		C02A6E8225F3A4CC000C55DB /* Views */ = {
			isa = PBXGroup;
			children = (
				C02A6E8625F3A52F000C55DB /* Storyboards */,
				C02A6E7525F3A2F4000C55DB /* Assets.xcassets */,
			);
			path = Views;
			sourceTree = "<group>";
		};
		C02A6E8325F3A4D9000C55DB /* Models */ = {
			isa = PBXGroup;
			children = (
			);
			path = Models;
			sourceTree = "<group>";
		};
		C02A6E8425F3A4E8000C55DB /* ViewModels */ = {
			isa = PBXGroup;
			children = (
			);
			path = ViewModels;
			sourceTree = "<group>";
		};
		C02A6E8525F3A4F6000C55DB /* Resources */ = {
			isa = PBXGroup;
			children = (
				C02A6E6C25F3A2F4000C55DB /* AppDelegate.swift */,
				C02A6E6E25F3A2F4000C55DB /* SceneDelegate.swift */,
				C02A6E9F25F3B53E000C55DB /* Extensions.swift */,
			);
			path = Resources;
			sourceTree = "<group>";
		};
		C02A6E8625F3A52F000C55DB /* Storyboards */ = {
			isa = PBXGroup;
			children = (
				C02A6E7225F3A2F4000C55DB /* Main.storyboard */,
				C02A6E7725F3A2F4000C55DB /* LaunchScreen.storyboard */,
			);
			path = Storyboards;
			sourceTree = "<group>";
		};
		C02A6E9D25F3AEAA000C55DB /* Login */ = {
			isa = PBXGroup;
			children = (
				C02A6E8825F3A6AC000C55DB /* LoginViewController.swift */,
				C02A6E8C25F3A6BD000C55DB /* RegisterViewController.swift */,
			);
			path = Login;
			sourceTree = "<group>";
		};
/* End PBXGroup section */

/* Begin PBXNativeTarget section */
		C02A6E6825F3A2F4000C55DB /* Bise */ = {
			isa = PBXNativeTarget;
			buildConfigurationList = C02A6E7D25F3A2F4000C55DB /* Build configuration list for PBXNativeTarget "Bise" */;
			buildPhases = (
				C02A6E6525F3A2F4000C55DB /* Sources */,
				C02A6E6625F3A2F4000C55DB /* Frameworks */,
				C02A6E6725F3A2F4000C55DB /* Resources */,
			);
			buildRules = (
			);
			dependencies = (
			);
			name = Bise;
			productName = Bise;
			productReference = C02A6E6925F3A2F4000C55DB /* Bise.app */;
			productType = "com.apple.product-type.application";
		};
/* End PBXNativeTarget section */

/* Begin PBXProject section */
		C02A6E6125F3A2F4000C55DB /* Project object */ = {
			isa = PBXProject;
			attributes = {
				LastSwiftUpdateCheck = 1240;
				LastUpgradeCheck = 1240;
				TargetAttributes = {
					C02A6E6825F3A2F4000C55DB = {
						CreatedOnToolsVersion = 12.4;
					};
				};
			};
			buildConfigurationList = C02A6E6425F3A2F4000C55DB /* Build configuration list for PBXProject "Bise" */;
			compatibilityVersion = "Xcode 9.3";
			developmentRegion = en;
			hasScannedForEncodings = 0;
			knownRegions = (
				en,
				Base,
			);
			mainGroup = C02A6E6025F3A2F4000C55DB;
			productRefGroup = C02A6E6A25F3A2F4000C55DB /* Products */;
			projectDirPath = "";
			projectRoot = "";
			targets = (
				C02A6E6825F3A2F4000C55DB /* Bise */,
			);
		};
/* End PBXProject section */

/* Begin PBXResourcesBuildPhase section */
		C02A6E6725F3A2F4000C55DB /* Resources */ = {
			isa = PBXResourcesBuildPhase;
			buildActionMask = 2147483647;
			files = (
				C02A6E7925F3A2F4000C55DB /* LaunchScreen.storyboard in Resources */,
				C02A6E7625F3A2F4000C55DB /* Assets.xcassets in Resources */,
				C02A6E7425F3A2F4000C55DB /* Main.storyboard in Resources */,
			);
			runOnlyForDeploymentPostprocessing = 0;
		};
/* End PBXResourcesBuildPhase section */

/* Begin PBXSourcesBuildPhase section */
		C02A6E6525F3A2F4000C55DB /* Sources */ = {
			isa = PBXSourcesBuildPhase;
			buildActionMask = 2147483647;
			files = (
				C02A6E8925F3A6AC000C55DB /* LoginViewController.swift in Sources */,
				C02A6E8D25F3A6BD000C55DB /* RegisterViewController.swift in Sources */,
				C02A6E9825F3A76B000C55DB /* NewConversationViewController.swift in Sources */,
				C02A6E7125F3A2F4000C55DB /* ConversationsViewController.swift in Sources */,
				C02A6E9525F3A6FB000C55DB /* VideoPlayerViewController.swift in Sources */,
				C02A6EA025F3B53E000C55DB /* Extensions.swift in Sources */,
				C02A6E6D25F3A2F4000C55DB /* AppDelegate.swift in Sources */,
				C02A6E9B25F3A785000C55DB /* ProfileViewController.swift in Sources */,
				C02A6E6F25F3A2F4000C55DB /* SceneDelegate.swift in Sources */,
				C02A6E9125F3A6E9000C55DB /* PhotoViewerViewController.swift in Sources */,
			);
			runOnlyForDeploymentPostprocessing = 0;
		};
/* End PBXSourcesBuildPhase section */

/* Begin PBXVariantGroup section */
		C02A6E7225F3A2F4000C55DB /* Main.storyboard */ = {
			isa = PBXVariantGroup;
			children = (
				C02A6E7325F3A2F4000C55DB /* Base */,
			);
			name = Main.storyboard;
			sourceTree = "<group>";
		};
		C02A6E7725F3A2F4000C55DB /* LaunchScreen.storyboard */ = {
			isa = PBXVariantGroup;
			children = (
				C02A6E7825F3A2F4000C55DB /* Base */,
			);
			name = LaunchScreen.storyboard;
			sourceTree = "<group>";
		};
/* End PBXVariantGroup section */

/* Begin XCBuildConfiguration section */
		C02A6E7B25F3A2F4000C55DB /* Debug */ = {
			isa = XCBuildConfiguration;
			buildSettings = {
				ALWAYS_SEARCH_USER_PATHS = NO;
				CLANG_ANALYZER_NONNULL = YES;
				CLANG_ANALYZER_NUMBER_OBJECT_CONVERSION = YES_AGGRESSIVE;
				CLANG_CXX_LANGUAGE_STANDARD = "gnu++14";
				CLANG_CXX_LIBRARY = "libc++";
				CLANG_ENABLE_MODULES = YES;
				CLANG_ENABLE_OBJC_ARC = YES;
				CLANG_ENABLE_OBJC_WEAK = YES;
				CLANG_WARN_BLOCK_CAPTURE_AUTORELEASING = YES;
				CLANG_WARN_BOOL_CONVERSION = YES;
				CLANG_WARN_COMMA = YES;
				CLANG_WARN_CONSTANT_CONVERSION = YES;
				CLANG_WARN_DEPRECATED_OBJC_IMPLEMENTATIONS = YES;
				CLANG_WARN_DIRECT_OBJC_ISA_USAGE = YES_ERROR;
				CLANG_WARN_DOCUMENTATION_COMMENTS = YES;
				CLANG_WARN_EMPTY_BODY = YES;
				CLANG_WARN_ENUM_CONVERSION = YES;
				CLANG_WARN_INFINITE_RECURSION = YES;
				CLANG_WARN_INT_CONVERSION = YES;
				CLANG_WARN_NON_LITERAL_NULL_CONVERSION = YES;
				CLANG_WARN_OBJC_IMPLICIT_RETAIN_SELF = YES;
				CLANG_WARN_OBJC_LITERAL_CONVERSION = YES;
				CLANG_WARN_OBJC_ROOT_CLASS = YES_ERROR;
				CLANG_WARN_QUOTED_INCLUDE_IN_FRAMEWORK_HEADER = YES;
				CLANG_WARN_RANGE_LOOP_ANALYSIS = YES;
				CLANG_WARN_STRICT_PROTOTYPES = YES;
				CLANG_WARN_SUSPICIOUS_MOVE = YES;
				CLANG_WARN_UNGUARDED_AVAILABILITY = YES_AGGRESSIVE;
				CLANG_WARN_UNREACHABLE_CODE = YES;
				CLANG_WARN__DUPLICATE_METHOD_MATCH = YES;
				COPY_PHASE_STRIP = NO;
				DEBUG_INFORMATION_FORMAT = dwarf;
				ENABLE_STRICT_OBJC_MSGSEND = YES;
				ENABLE_TESTABILITY = YES;
				GCC_C_LANGUAGE_STANDARD = gnu11;
				GCC_DYNAMIC_NO_PIC = NO;
				GCC_NO_COMMON_BLOCKS = YES;
				GCC_OPTIMIZATION_LEVEL = 0;
				GCC_PREPROCESSOR_DEFINITIONS = (
					"DEBUG=1",
					"$(inherited)",
				);
				GCC_WARN_64_TO_32_BIT_CONVERSION = YES;
				GCC_WARN_ABOUT_RETURN_TYPE = YES_ERROR;
				GCC_WARN_UNDECLARED_SELECTOR = YES;
				GCC_WARN_UNINITIALIZED_AUTOS = YES_AGGRESSIVE;
				GCC_WARN_UNUSED_FUNCTION = YES;
				GCC_WARN_UNUSED_VARIABLE = YES;
				IPHONEOS_DEPLOYMENT_TARGET = 14.4;
				MTL_ENABLE_DEBUG_INFO = INCLUDE_SOURCE;
				MTL_FAST_MATH = YES;
				ONLY_ACTIVE_ARCH = YES;
				SDKROOT = iphoneos;
				SWIFT_ACTIVE_COMPILATION_CONDITIONS = DEBUG;
				SWIFT_OPTIMIZATION_LEVEL = "-Onone";
			};
			name = Debug;
		};
		C02A6E7C25F3A2F4000C55DB /* Release */ = {
			isa = XCBuildConfiguration;
			buildSettings = {
				ALWAYS_SEARCH_USER_PATHS = NO;
				CLANG_ANALYZER_NONNULL = YES;
				CLANG_ANALYZER_NUMBER_OBJECT_CONVERSION = YES_AGGRESSIVE;
				CLANG_CXX_LANGUAGE_STANDARD = "gnu++14";
				CLANG_CXX_LIBRARY = "libc++";
				CLANG_ENABLE_MODULES = YES;
				CLANG_ENABLE_OBJC_ARC = YES;
				CLANG_ENABLE_OBJC_WEAK = YES;
				CLANG_WARN_BLOCK_CAPTURE_AUTORELEASING = YES;
				CLANG_WARN_BOOL_CONVERSION = YES;
				CLANG_WARN_COMMA = YES;
				CLANG_WARN_CONSTANT_CONVERSION = YES;
				CLANG_WARN_DEPRECATED_OBJC_IMPLEMENTATIONS = YES;
				CLANG_WARN_DIRECT_OBJC_ISA_USAGE = YES_ERROR;
				CLANG_WARN_DOCUMENTATION_COMMENTS = YES;
				CLANG_WARN_EMPTY_BODY = YES;
				CLANG_WARN_ENUM_CONVERSION = YES;
				CLANG_WARN_INFINITE_RECURSION = YES;
				CLANG_WARN_INT_CONVERSION = YES;
				CLANG_WARN_NON_LITERAL_NULL_CONVERSION = YES;
				CLANG_WARN_OBJC_IMPLICIT_RETAIN_SELF = YES;
				CLANG_WARN_OBJC_LITERAL_CONVERSION = YES;
				CLANG_WARN_OBJC_ROOT_CLASS = YES_ERROR;
				CLANG_WARN_QUOTED_INCLUDE_IN_FRAMEWORK_HEADER = YES;
				CLANG_WARN_RANGE_LOOP_ANALYSIS = YES;
				CLANG_WARN_STRICT_PROTOTYPES = YES;
				CLANG_WARN_SUSPICIOUS_MOVE = YES;
				CLANG_WARN_UNGUARDED_AVAILABILITY = YES_AGGRESSIVE;
				CLANG_WARN_UNREACHABLE_CODE = YES;
				CLANG_WARN__DUPLICATE_METHOD_MATCH = YES;
				COPY_PHASE_STRIP = NO;
				DEBUG_INFORMATION_FORMAT = "dwarf-with-dsym";
				ENABLE_NS_ASSERTIONS = NO;
				ENABLE_STRICT_OBJC_MSGSEND = YES;
				GCC_C_LANGUAGE_STANDARD = gnu11;
				GCC_NO_COMMON_BLOCKS = YES;
				GCC_WARN_64_TO_32_BIT_CONVERSION = YES;
				GCC_WARN_ABOUT_RETURN_TYPE = YES_ERROR;
				GCC_WARN_UNDECLARED_SELECTOR = YES;
				GCC_WARN_UNINITIALIZED_AUTOS = YES_AGGRESSIVE;
				GCC_WARN_UNUSED_FUNCTION = YES;
				GCC_WARN_UNUSED_VARIABLE = YES;
				IPHONEOS_DEPLOYMENT_TARGET = 14.4;
				MTL_ENABLE_DEBUG_INFO = NO;
				MTL_FAST_MATH = YES;
				SDKROOT = iphoneos;
				SWIFT_COMPILATION_MODE = wholemodule;
				SWIFT_OPTIMIZATION_LEVEL = "-O";
				VALIDATE_PRODUCT = YES;
			};
			name = Release;
		};
		C02A6E7E25F3A2F4000C55DB /* Debug */ = {
			isa = XCBuildConfiguration;
			buildSettings = {
				ASSETCATALOG_COMPILER_APPICON_NAME = AppIcon;
				ASSETCATALOG_COMPILER_GLOBAL_ACCENT_COLOR_NAME = AccentColor;
				CODE_SIGN_STYLE = Automatic;
				DEVELOPMENT_TEAM = SW4D3N59DT;
				INFOPLIST_FILE = Bise/Info.plist;
				LD_RUNPATH_SEARCH_PATHS = (
					"$(inherited)",
					"@executable_path/Frameworks",
				);
				PRODUCT_BUNDLE_IDENTIFIER = com.mestutos.Bise;
				PRODUCT_NAME = "$(TARGET_NAME)";
				SWIFT_VERSION = 5.0;
				TARGETED_DEVICE_FAMILY = "1,2";
			};
			name = Debug;
		};
		C02A6E7F25F3A2F4000C55DB /* Release */ = {
			isa = XCBuildConfiguration;
			buildSettings = {
				ASSETCATALOG_COMPILER_APPICON_NAME = AppIcon;
				ASSETCATALOG_COMPILER_GLOBAL_ACCENT_COLOR_NAME = AccentColor;
				CODE_SIGN_STYLE = Automatic;
				DEVELOPMENT_TEAM = SW4D3N59DT;
				INFOPLIST_FILE = Bise/Info.plist;
				LD_RUNPATH_SEARCH_PATHS = (
					"$(inherited)",
					"@executable_path/Frameworks",
				);
				PRODUCT_BUNDLE_IDENTIFIER = com.mestutos.Bise;
				PRODUCT_NAME = "$(TARGET_NAME)";
				SWIFT_VERSION = 5.0;
				TARGETED_DEVICE_FAMILY = "1,2";
			};
			name = Release;
		};
/* End XCBuildConfiguration section */

/* Begin XCConfigurationList section */
		C02A6E6425F3A2F4000C55DB /* Build configuration list for PBXProject "Bise" */ = {
			isa = XCConfigurationList;
			buildConfigurations = (
				C02A6E7B25F3A2F4000C55DB /* Debug */,
				C02A6E7C25F3A2F4000C55DB /* Release */,
			);
			defaultConfigurationIsVisible = 0;
			defaultConfigurationName = Release;
		};
		C02A6E7D25F3A2F4000C55DB /* Build configuration list for PBXNativeTarget "Bise" */ = {
			isa = XCConfigurationList;
			buildConfigurations = (
				C02A6E7E25F3A2F4000C55DB /* Debug */,
				C02A6E7F25F3A2F4000C55DB /* Release */,
			);
			defaultConfigurationIsVisible = 0;
			defaultConfigurationName = Release;
		};
/* End XCConfigurationList section */
	};
	rootObject = C02A6E6125F3A2F4000C55DB /* Project object */;
}
